
Microsoft Visual Studio Solution File, Format Version 12.00
# Visual Studio Version 17
VisualStudioVersion = 17.1.32210.238
MinimumVisualStudioVersion = 10.0.40219.1
Project("{9A19103F-16F7-4668-BE54-9A1E7A4F7556}") = "AutonomousCarsCommunication", "AutonomousCarsCommunication\AutonomousCarsCommunication.csproj", "{9D513BD5-B794-4AED-BFC3-BC176B003E3C}"
EndProject
Project("{9A19103F-16F7-4668-BE54-9A1E7A4F7556}") = "AutonomousCarsCommunication.Domain", "AutonomousCarsCommunication.Domain\AutonomousCarsCommunication.Domain.csproj", "{E3ABDDE2-BE4B-4F00-B681-AE2C88995BB2}"
EndProject
Project("{9A19103F-16F7-4668-BE54-9A1E7A4F7556}") = "AutonomousCarsCommunication.Repositories", "AutonomousCarsCommunication.Repositories\AutonomousCarsCommunication.Repositories.csproj", "{E187E757-47C6-4F3F-8F79-547FA7054EF4}"
EndProject
Project("{FAE04EC0-301F-11D3-BF4B-00C04F79EFBC}") = "AutonomousCarsCommunication.DataAccess", "AutonomousCarsCommunication.DataAccess\AutonomousCarsCommunication.DataAccess.csproj", "{B58940E2-5A6C-4A95-8E3E-28ECE5236890}"
EndProject
Project("{FAE04EC0-301F-11D3-BF4B-00C04F79EFBC}") = "AutonomousCarsCommunication.BusinessLogic", "AutonomousCarsCommunication.BusinessLogic\AutonomousCarsCommunication.BusinessLogic.csproj", "{5A3663CD-89F5-459B-8010-CA7542CA461B}"
EndProject
Project("{2150E333-8FDC-42A3-9474-1A3956D46DE8}") = "Tests", "Tests", "{8C57F507-618B-4A30-B68A-7BD8ABD6AFB7}"
EndProject
Project("{FAE04EC0-301F-11D3-BF4B-00C04F79EFBC}") = "AutonomousCarsCommunication.BusinessLogic.UnitTests", "Tests\AutonomousCarsCommunication.BusinessLogic.UnitTests\AutonomousCarsCommunication.BusinessLogic.UnitTests.csproj", "{367F50AD-2992-4DF9-BD46-7BD18F6608A3}"
EndProject
Project("{FAE04EC0-301F-11D3-BF4B-00C04F79EFBC}") = "AutonomousCarsCommunication.Repositories.UnitTests", "Tests\AutonomousCarsCommunication.Repositories.UnitTests\AutonomousCarsCommunication.Repositories.UnitTests.csproj", "{945C64DD-F264-4789-8580-B2888BF14D8C}"
EndProject
Global
	GlobalSection(SolutionConfigurationPlatforms) = preSolution
		Debug|Any CPU = Debug|Any CPU
		Release|Any CPU = Release|Any CPU
	EndGlobalSection
	GlobalSection(ProjectConfigurationPlatforms) = postSolution
		{9D513BD5-B794-4AED-BFC3-BC176B003E3C}.Debug|Any CPU.ActiveCfg = Debug|Any CPU
		{9D513BD5-B794-4AED-BFC3-BC176B003E3C}.Debug|Any CPU.Build.0 = Debug|Any CPU
		{9D513BD5-B794-4AED-BFC3-BC176B003E3C}.Release|Any CPU.ActiveCfg = Release|Any CPU
		{9D513BD5-B794-4AED-BFC3-BC176B003E3C}.Release|Any CPU.Build.0 = Release|Any CPU
		{E3ABDDE2-BE4B-4F00-B681-AE2C88995BB2}.Debug|Any CPU.ActiveCfg = Debug|Any CPU
		{E3ABDDE2-BE4B-4F00-B681-AE2C88995BB2}.Debug|Any CPU.Build.0 = Debug|Any CPU
		{E3ABDDE2-BE4B-4F00-B681-AE2C88995BB2}.Release|Any CPU.ActiveCfg = Release|Any CPU
		{E3ABDDE2-BE4B-4F00-B681-AE2C88995BB2}.Release|Any CPU.Build.0 = Release|Any CPU
		{E187E757-47C6-4F3F-8F79-547FA7054EF4}.Debug|Any CPU.ActiveCfg = Debug|Any CPU
		{E187E757-47C6-4F3F-8F79-547FA7054EF4}.Debug|Any CPU.Build.0 = Debug|Any CPU
		{E187E757-47C6-4F3F-8F79-547FA7054EF4}.Release|Any CPU.ActiveCfg = Release|Any CPU
		{E187E757-47C6-4F3F-8F79-547FA7054EF4}.Release|Any CPU.Build.0 = Release|Any CPU
		{B58940E2-5A6C-4A95-8E3E-28ECE5236890}.Debug|Any CPU.ActiveCfg = Debug|Any CPU
		{B58940E2-5A6C-4A95-8E3E-28ECE5236890}.Debug|Any CPU.Build.0 = Debug|Any CPU
		{B58940E2-5A6C-4A95-8E3E-28ECE5236890}.Release|Any CPU.ActiveCfg = Release|Any CPU
		{B58940E2-5A6C-4A95-8E3E-28ECE5236890}.Release|Any CPU.Build.0 = Release|Any CPU
		{5A3663CD-89F5-459B-8010-CA7542CA461B}.Debug|Any CPU.ActiveCfg = Debug|Any CPU
		{5A3663CD-89F5-459B-8010-CA7542CA461B}.Debug|Any CPU.Build.0 = Debug|Any CPU
		{5A3663CD-89F5-459B-8010-CA7542CA461B}.Release|Any CPU.ActiveCfg = Release|Any CPU
		{5A3663CD-89F5-459B-8010-CA7542CA461B}.Release|Any CPU.Build.0 = Release|Any CPU
		{367F50AD-2992-4DF9-BD46-7BD18F6608A3}.Debug|Any CPU.ActiveCfg = Debug|Any CPU
		{367F50AD-2992-4DF9-BD46-7BD18F6608A3}.Debug|Any CPU.Build.0 = Debug|Any CPU
		{367F50AD-2992-4DF9-BD46-7BD18F6608A3}.Release|Any CPU.ActiveCfg = Release|Any CPU
		{367F50AD-2992-4DF9-BD46-7BD18F6608A3}.Release|Any CPU.Build.0 = Release|Any CPU
		{945C64DD-F264-4789-8580-B2888BF14D8C}.Debug|Any CPU.ActiveCfg = Debug|Any CPU
		{945C64DD-F264-4789-8580-B2888BF14D8C}.Debug|Any CPU.Build.0 = Debug|Any CPU
		{945C64DD-F264-4789-8580-B2888BF14D8C}.Release|Any CPU.ActiveCfg = Release|Any CPU
		{945C64DD-F264-4789-8580-B2888BF14D8C}.Release|Any CPU.Build.0 = Release|Any CPU
	EndGlobalSection
	GlobalSection(SolutionProperties) = preSolution
		HideSolutionNode = FALSE
	EndGlobalSection
	GlobalSection(NestedProjects) = preSolution
		{367F50AD-2992-4DF9-BD46-7BD18F6608A3} = {8C57F507-618B-4A30-B68A-7BD8ABD6AFB7}
		{945C64DD-F264-4789-8580-B2888BF14D8C} = {8C57F507-618B-4A30-B68A-7BD8ABD6AFB7}
	EndGlobalSection
	GlobalSection(ExtensibilityGlobals) = postSolution
		SolutionGuid = {2F2181B7-D3DD-454E-8536-741E4942EDE4}
	EndGlobalSection
EndGlobal
